
Microsoft Visual Studio Solution File, Format Version 12.00
# Visual Studio 14
VisualStudioVersion = 14.0.25420.1
MinimumVisualStudioVersion = 10.0.40219.1
Project("{FAE04EC0-301F-11D3-BF4B-00C04F79EFBC}") = "PizzaStore.DataAccess", "PizzaStore.DataAccess\PizzaStore.DataAccess.csproj", "{50F35EFC-C273-4E3B-9769-6328876FD466}"
EndProject
Project("{FAE04EC0-301F-11D3-BF4B-00C04F79EFBC}") = "PizzaStore.Tests", "PizzaStore.Tests\PizzaStore.Tests.csproj", "{5112006C-9142-4266-83B4-51CA10167580}"
EndProject
Project("{FAE04EC0-301F-11D3-BF4B-00C04F79EFBC}") = "PizzaStoreAPI", "PizzaStoreAPI\PizzaStoreAPI.csproj", "{D2B56284-EA23-4550-B952-4EBBCFDC78D2}"
EndProject
Global
	GlobalSection(SolutionConfigurationPlatforms) = preSolution
		Debug|Any CPU = Debug|Any CPU
		Release|Any CPU = Release|Any CPU
	EndGlobalSection
	GlobalSection(ProjectConfigurationPlatforms) = postSolution
		{50F35EFC-C273-4E3B-9769-6328876FD466}.Debug|Any CPU.ActiveCfg = Debug|Any CPU
		{50F35EFC-C273-4E3B-9769-6328876FD466}.Debug|Any CPU.Build.0 = Debug|Any CPU
		{50F35EFC-C273-4E3B-9769-6328876FD466}.Release|Any CPU.ActiveCfg = Release|Any CPU
		{50F35EFC-C273-4E3B-9769-6328876FD466}.Release|Any CPU.Build.0 = Release|Any CPU
		{5112006C-9142-4266-83B4-51CA10167580}.Debug|Any CPU.ActiveCfg = Debug|Any CPU
		{5112006C-9142-4266-83B4-51CA10167580}.Debug|Any CPU.Build.0 = Debug|Any CPU
		{5112006C-9142-4266-83B4-51CA10167580}.Release|Any CPU.ActiveCfg = Release|Any CPU
		{5112006C-9142-4266-83B4-51CA10167580}.Release|Any CPU.Build.0 = Release|Any CPU
		{D2B56284-EA23-4550-B952-4EBBCFDC78D2}.Debug|Any CPU.ActiveCfg = Debug|Any CPU
		{D2B56284-EA23-4550-B952-4EBBCFDC78D2}.Debug|Any CPU.Build.0 = Debug|Any CPU
		{D2B56284-EA23-4550-B952-4EBBCFDC78D2}.Release|Any CPU.ActiveCfg = Release|Any CPU
		{D2B56284-EA23-4550-B952-4EBBCFDC78D2}.Release|Any CPU.Build.0 = Release|Any CPU
	EndGlobalSection
	GlobalSection(SolutionProperties) = preSolution
		HideSolutionNode = FALSE
	EndGlobalSection
EndGlobal
